
Microsoft Visual Studio Solution File, Format Version 12.00
# Visual Studio 15
VisualStudioVersion = 15.0.28307.329
MinimumVisualStudioVersion = 10.0.40219.1
Project("{FAE04EC0-301F-11D3-BF4B-00C04F79EFBC}") = "Backstabber_Bot", "Backstabber_Bot\Backstabber_Bot.csproj", "{AB2B234C-8540-46CB-A359-D4D70FE8F90F}"
EndProject
Global
	GlobalSection(SolutionConfigurationPlatforms) = preSolution
		Debug|Any CPU = Debug|Any CPU
		Release|Any CPU = Release|Any CPU
	EndGlobalSection
	GlobalSection(ProjectConfigurationPlatforms) = postSolution
		{AB2B234C-8540-46CB-A359-D4D70FE8F90F}.Debug|Any CPU.ActiveCfg = Debug|Any CPU
		{AB2B234C-8540-46CB-A359-D4D70FE8F90F}.Debug|Any CPU.Build.0 = Debug|Any CPU
		{AB2B234C-8540-46CB-A359-D4D70FE8F90F}.Release|Any CPU.ActiveCfg = Release|Any CPU
		{AB2B234C-8540-46CB-A359-D4D70FE8F90F}.Release|Any CPU.Build.0 = Release|Any CPU
	EndGlobalSection
	GlobalSection(SolutionProperties) = preSolution
		HideSolutionNode = FALSE
	EndGlobalSection
	GlobalSection(ExtensibilityGlobals) = postSolution
		SolutionGuid = {A175029B-C056-4415-8C76-8766E883BDBC}
	EndGlobalSection
EndGlobal
